
Microsoft Visual Studio Solution File, Format Version 12.00
# Visual Studio Version 16
VisualStudioVersion = 16.0.30907.101
MinimumVisualStudioVersion = 10.0.40219.1
Project("{FAE04EC0-301F-11D3-BF4B-00C04F79EFBC}") = "WebApi", "WebApi\WebApi.csproj", "{14B6DFB1-CB0C-480F-95C0-982EF9C6AA66}"
EndProject
Project("{FAE04EC0-301F-11D3-BF4B-00C04F79EFBC}") = "Domain", "Domain\Domain.csproj", "{4B2E3876-637A-4610-805F-7179CFDC9D9F}"
EndProject
Project("{FAE04EC0-301F-11D3-BF4B-00C04F79EFBC}") = "Infrastructure", "Infrastructure\Infrastructure.csproj", "{6DC7526B-7B04-4FA2-B6AD-372727809337}"
EndProject
Project("{FAE04EC0-301F-11D3-BF4B-00C04F79EFBC}") = "Services", "Services\Services.csproj", "{F9B311B3-2FD2-4EC9-88F0-5AAF16F0D30C}"
EndProject
Global
	GlobalSection(SolutionConfigurationPlatforms) = preSolution
		Debug|Any CPU = Debug|Any CPU
		Release|Any CPU = Release|Any CPU
	EndGlobalSection
	GlobalSection(ProjectConfigurationPlatforms) = postSolution
		{14B6DFB1-CB0C-480F-95C0-982EF9C6AA66}.Debug|Any CPU.ActiveCfg = Debug|Any CPU
		{14B6DFB1-CB0C-480F-95C0-982EF9C6AA66}.Debug|Any CPU.Build.0 = Debug|Any CPU
		{14B6DFB1-CB0C-480F-95C0-982EF9C6AA66}.Release|Any CPU.ActiveCfg = Release|Any CPU
		{14B6DFB1-CB0C-480F-95C0-982EF9C6AA66}.Release|Any CPU.Build.0 = Release|Any CPU
		{4B2E3876-637A-4610-805F-7179CFDC9D9F}.Debug|Any CPU.ActiveCfg = Debug|Any CPU
		{4B2E3876-637A-4610-805F-7179CFDC9D9F}.Debug|Any CPU.Build.0 = Debug|Any CPU
		{4B2E3876-637A-4610-805F-7179CFDC9D9F}.Release|Any CPU.ActiveCfg = Release|Any CPU
		{4B2E3876-637A-4610-805F-7179CFDC9D9F}.Release|Any CPU.Build.0 = Release|Any CPU
		{6DC7526B-7B04-4FA2-B6AD-372727809337}.Debug|Any CPU.ActiveCfg = Debug|Any CPU
		{6DC7526B-7B04-4FA2-B6AD-372727809337}.Debug|Any CPU.Build.0 = Debug|Any CPU
		{6DC7526B-7B04-4FA2-B6AD-372727809337}.Release|Any CPU.ActiveCfg = Release|Any CPU
		{6DC7526B-7B04-4FA2-B6AD-372727809337}.Release|Any CPU.Build.0 = Release|Any CPU
		{F9B311B3-2FD2-4EC9-88F0-5AAF16F0D30C}.Debug|Any CPU.ActiveCfg = Debug|Any CPU
		{F9B311B3-2FD2-4EC9-88F0-5AAF16F0D30C}.Debug|Any CPU.Build.0 = Debug|Any CPU
		{F9B311B3-2FD2-4EC9-88F0-5AAF16F0D30C}.Release|Any CPU.ActiveCfg = Release|Any CPU
		{F9B311B3-2FD2-4EC9-88F0-5AAF16F0D30C}.Release|Any CPU.Build.0 = Release|Any CPU
	EndGlobalSection
	GlobalSection(SolutionProperties) = preSolution
		HideSolutionNode = FALSE
	EndGlobalSection
	GlobalSection(ExtensibilityGlobals) = postSolution
		SolutionGuid = {FA50AB26-4A18-4BE9-AC58-291E8B9EA45D}
	EndGlobalSection
EndGlobal
